
Microsoft Visual Studio Solution File, Format Version 12.00
# Visual Studio Version 17
VisualStudioVersion = 17.4.33403.182
MinimumVisualStudioVersion = 10.0.40219.1
Project("{FAE04EC0-301F-11D3-BF4B-00C04F79EFBC}") = "EmployeeWage", "EmployeeWage\EmployeeWage.csproj", "{0DA5E1DB-ADE0-43E4-A947-57A760FE09EA}"
EndProject
Global
	GlobalSection(SolutionConfigurationPlatforms) = preSolution
		Debug|Any CPU = Debug|Any CPU
		Release|Any CPU = Release|Any CPU
	EndGlobalSection
	GlobalSection(ProjectConfigurationPlatforms) = postSolution
		{0DA5E1DB-ADE0-43E4-A947-57A760FE09EA}.Debug|Any CPU.ActiveCfg = Debug|Any CPU
		{0DA5E1DB-ADE0-43E4-A947-57A760FE09EA}.Debug|Any CPU.Build.0 = Debug|Any CPU
		{0DA5E1DB-ADE0-43E4-A947-57A760FE09EA}.Release|Any CPU.ActiveCfg = Release|Any CPU
		{0DA5E1DB-ADE0-43E4-A947-57A760FE09EA}.Release|Any CPU.Build.0 = Release|Any CPU
	EndGlobalSection
	GlobalSection(SolutionProperties) = preSolution
		HideSolutionNode = FALSE
	EndGlobalSection
	GlobalSection(ExtensibilityGlobals) = postSolution
		SolutionGuid = {8590EC3B-26B2-4C46-B355-EBF29A4B9CFE}
	EndGlobalSection
EndGlobal
